// !$*UTF8*$!
{
	archiveVersion = 1;
	classes = {
	};
	objectVersion = 46;
	objects = {

/* Begin PBXBuildFile section */
		1815BCBF1B1D447400C4389E /* PLSIcon+Pleasure.m in Sources */ = {isa = PBXBuildFile; fileRef = 1815BCBE1B1D447400C4389E /* PLSIcon+Pleasure.m */; };
		189781821B1CB257008A23B4 /* main.m in Sources */ = {isa = PBXBuildFile; fileRef = 189781811B1CB257008A23B4 /* main.m */; };
		189781851B1CB257008A23B4 /* AppDelegate.m in Sources */ = {isa = PBXBuildFile; fileRef = 189781841B1CB257008A23B4 /* AppDelegate.m */; };
		189781881B1CB257008A23B4 /* ViewController.m in Sources */ = {isa = PBXBuildFile; fileRef = 189781871B1CB257008A23B4 /* ViewController.m */; };
		1897818B1B1CB258008A23B4 /* Main.storyboard in Resources */ = {isa = PBXBuildFile; fileRef = 189781891B1CB258008A23B4 /* Main.storyboard */; };
		1897818D1B1CB258008A23B4 /* Images.xcassets in Resources */ = {isa = PBXBuildFile; fileRef = 1897818C1B1CB258008A23B4 /* Images.xcassets */; };
		189781901B1CB258008A23B4 /* LaunchScreen.xib in Resources */ = {isa = PBXBuildFile; fileRef = 1897818E1B1CB258008A23B4 /* LaunchScreen.xib */; };
		1897819C1B1CB258008A23B4 /* PleasureTests.m in Sources */ = {isa = PBXBuildFile; fileRef = 1897819B1B1CB258008A23B4 /* PleasureTests.m */; };
		189781A81B1CBBE9008A23B4 /* PLSIcon.m in Sources */ = {isa = PBXBuildFile; fileRef = 189781A71B1CBBE9008A23B4 /* PLSIcon.m */; };
/* End PBXBuildFile section */

/* Begin PBXContainerItemProxy section */
		189781961B1CB258008A23B4 /* PBXContainerItemProxy */ = {
			isa = PBXContainerItemProxy;
			containerPortal = 189781741B1CB257008A23B4 /* Project object */;
			proxyType = 1;
			remoteGlobalIDString = 1897817B1B1CB257008A23B4;
			remoteInfo = Pleasure;
		};
/* End PBXContainerItemProxy section */

/* Begin PBXFileReference section */
		1815BCBD1B1D447400C4389E /* PLSIcon+Pleasure.h */ = {isa = PBXFileReference; fileEncoding = 4; lastKnownFileType = sourcecode.c.h; path = "PLSIcon+Pleasure.h"; sourceTree = "<group>"; };
		1815BCBE1B1D447400C4389E /* PLSIcon+Pleasure.m */ = {isa = PBXFileReference; fileEncoding = 4; lastKnownFileType = sourcecode.c.objc; path = "PLSIcon+Pleasure.m"; sourceTree = "<group>"; };
		1897817C1B1CB257008A23B4 /* Pleasure.app */ = {isa = PBXFileReference; explicitFileType = wrapper.application; includeInIndex = 0; path = Pleasure.app; sourceTree = BUILT_PRODUCTS_DIR; };
		189781801B1CB257008A23B4 /* Info.plist */ = {isa = PBXFileReference; lastKnownFileType = text.plist.xml; path = Info.plist; sourceTree = "<group>"; };
		189781811B1CB257008A23B4 /* main.m */ = {isa = PBXFileReference; lastKnownFileType = sourcecode.c.objc; path = main.m; sourceTree = "<group>"; };
		189781831B1CB257008A23B4 /* AppDelegate.h */ = {isa = PBXFileReference; lastKnownFileType = sourcecode.c.h; path = AppDelegate.h; sourceTree = "<group>"; };
		189781841B1CB257008A23B4 /* AppDelegate.m */ = {isa = PBXFileReference; lastKnownFileType = sourcecode.c.objc; path = AppDelegate.m; sourceTree = "<group>"; };
		189781861B1CB257008A23B4 /* ViewController.h */ = {isa = PBXFileReference; lastKnownFileType = sourcecode.c.h; path = ViewController.h; sourceTree = "<group>"; };
		189781871B1CB257008A23B4 /* ViewController.m */ = {isa = PBXFileReference; lastKnownFileType = sourcecode.c.objc; path = ViewController.m; sourceTree = "<group>"; };
		1897818A1B1CB258008A23B4 /* Base */ = {isa = PBXFileReference; lastKnownFileType = file.storyboard; name = Base; path = Base.lproj/Main.storyboard; sourceTree = "<group>"; };
		1897818C1B1CB258008A23B4 /* Images.xcassets */ = {isa = PBXFileReference; lastKnownFileType = folder.assetcatalog; path = Images.xcassets; sourceTree = "<group>"; };
		1897818F1B1CB258008A23B4 /* Base */ = {isa = PBXFileReference; lastKnownFileType = file.xib; name = Base; path = Base.lproj/LaunchScreen.xib; sourceTree = "<group>"; };
		189781951B1CB258008A23B4 /* PleasureTests.xctest */ = {isa = PBXFileReference; explicitFileType = wrapper.cfbundle; includeInIndex = 0; path = PleasureTests.xctest; sourceTree = BUILT_PRODUCTS_DIR; };
		1897819A1B1CB258008A23B4 /* Info.plist */ = {isa = PBXFileReference; lastKnownFileType = text.plist.xml; path = Info.plist; sourceTree = "<group>"; };
		1897819B1B1CB258008A23B4 /* PleasureTests.m */ = {isa = PBXFileReference; lastKnownFileType = sourcecode.c.objc; path = PleasureTests.m; sourceTree = "<group>"; };
		189781A61B1CBBE9008A23B4 /* PLSIcon.h */ = {isa = PBXFileReference; fileEncoding = 4; lastKnownFileType = sourcecode.c.h; path = PLSIcon.h; sourceTree = "<group>"; };
		189781A71B1CBBE9008A23B4 /* PLSIcon.m */ = {isa = PBXFileReference; fileEncoding = 4; lastKnownFileType = sourcecode.c.objc; path = PLSIcon.m; sourceTree = "<group>"; };
/* End PBXFileReference section */

/* Begin PBXFrameworksBuildPhase section */
		189781791B1CB257008A23B4 /* Frameworks */ = {
			isa = PBXFrameworksBuildPhase;
			buildActionMask = 2147483647;
			files = (
			);
			runOnlyForDeploymentPostprocessing = 0;
		};
		189781921B1CB258008A23B4 /* Frameworks */ = {
			isa = PBXFrameworksBuildPhase;
			buildActionMask = 2147483647;
			files = (
			);
			runOnlyForDeploymentPostprocessing = 0;
		};
/* End PBXFrameworksBuildPhase section */

/* Begin PBXGroup section */
		189781731B1CB257008A23B4 = {
			isa = PBXGroup;
			children = (
				1897817E1B1CB257008A23B4 /* Pleasure */,
				189781981B1CB258008A23B4 /* PleasureTests */,
				1897817D1B1CB257008A23B4 /* Products */,
			);
			sourceTree = "<group>";
		};
		1897817D1B1CB257008A23B4 /* Products */ = {
			isa = PBXGroup;
			children = (
				1897817C1B1CB257008A23B4 /* Pleasure.app */,
				189781951B1CB258008A23B4 /* PleasureTests.xctest */,
			);
			name = Products;
			sourceTree = "<group>";
		};
		1897817E1B1CB257008A23B4 /* Pleasure */ = {
			isa = PBXGroup;
			children = (
				189781A51B1CBB41008A23B4 /* Classes */,
				189781831B1CB257008A23B4 /* AppDelegate.h */,
				189781841B1CB257008A23B4 /* AppDelegate.m */,
				189781861B1CB257008A23B4 /* ViewController.h */,
				189781871B1CB257008A23B4 /* ViewController.m */,
				189781891B1CB258008A23B4 /* Main.storyboard */,
				1897818C1B1CB258008A23B4 /* Images.xcassets */,
				1897818E1B1CB258008A23B4 /* LaunchScreen.xib */,
				1897817F1B1CB257008A23B4 /* Supporting Files */,
			);
			path = Pleasure;
			sourceTree = "<group>";
		};
		1897817F1B1CB257008A23B4 /* Supporting Files */ = {
			isa = PBXGroup;
			children = (
				189781801B1CB257008A23B4 /* Info.plist */,
				189781811B1CB257008A23B4 /* main.m */,
			);
			name = "Supporting Files";
			sourceTree = "<group>";
		};
		189781981B1CB258008A23B4 /* PleasureTests */ = {
			isa = PBXGroup;
			children = (
				1897819B1B1CB258008A23B4 /* PleasureTests.m */,
				189781991B1CB258008A23B4 /* Supporting Files */,
			);
			path = PleasureTests;
			sourceTree = "<group>";
		};
		189781991B1CB258008A23B4 /* Supporting Files */ = {
			isa = PBXGroup;
			children = (
				1897819A1B1CB258008A23B4 /* Info.plist */,
			);
			name = "Supporting Files";
			sourceTree = "<group>";
		};
		189781A51B1CBB41008A23B4 /* Classes */ = {
			isa = PBXGroup;
			children = (
				189781A61B1CBBE9008A23B4 /* PLSIcon.h */,
				189781A71B1CBBE9008A23B4 /* PLSIcon.m */,
				1815BCBD1B1D447400C4389E /* PLSIcon+Pleasure.h */,
				1815BCBE1B1D447400C4389E /* PLSIcon+Pleasure.m */,
				189781A91B1D3CBD008A23B4 /* Icons */,
			);
			path = Classes;
			sourceTree = SOURCE_ROOT;
		};
		189781A91B1D3CBD008A23B4 /* Icons */ = {
			isa = PBXGroup;
			children = (
			);
			path = Icons;
			sourceTree = "<group>";
		};
/* End PBXGroup section */

/* Begin PBXNativeTarget section */
		1897817B1B1CB257008A23B4 /* Pleasure */ = {
			isa = PBXNativeTarget;
			buildConfigurationList = 1897819F1B1CB258008A23B4 /* Build configuration list for PBXNativeTarget "Pleasure" */;
			buildPhases = (
				189781781B1CB257008A23B4 /* Sources */,
				189781791B1CB257008A23B4 /* Frameworks */,
				1897817A1B1CB257008A23B4 /* Resources */,
			);
			buildRules = (
			);
			dependencies = (
			);
			name = Pleasure;
			productName = Pleasure;
			productReference = 1897817C1B1CB257008A23B4 /* Pleasure.app */;
			productType = "com.apple.product-type.application";
		};
		189781941B1CB258008A23B4 /* PleasureTests */ = {
			isa = PBXNativeTarget;
			buildConfigurationList = 189781A21B1CB258008A23B4 /* Build configuration list for PBXNativeTarget "PleasureTests" */;
			buildPhases = (
				189781911B1CB258008A23B4 /* Sources */,
				189781921B1CB258008A23B4 /* Frameworks */,
				189781931B1CB258008A23B4 /* Resources */,
			);
			buildRules = (
			);
			dependencies = (
				189781971B1CB258008A23B4 /* PBXTargetDependency */,
			);
			name = PleasureTests;
			productName = PleasureTests;
			productReference = 189781951B1CB258008A23B4 /* PleasureTests.xctest */;
			productType = "com.apple.product-type.bundle.unit-test";
		};
/* End PBXNativeTarget section */

/* Begin PBXProject section */
		189781741B1CB257008A23B4 /* Project object */ = {
			isa = PBXProject;
			attributes = {
				LastUpgradeCheck = 0630;
				ORGANIZATIONNAME = DeltaX;
				TargetAttributes = {
					1897817B1B1CB257008A23B4 = {
						CreatedOnToolsVersion = 6.3;
					};
					189781941B1CB258008A23B4 = {
						CreatedOnToolsVersion = 6.3;
						TestTargetID = 1897817B1B1CB257008A23B4;
					};
				};
			};
			buildConfigurationList = 189781771B1CB257008A23B4 /* Build configuration list for PBXProject "Pleasure" */;
			compatibilityVersion = "Xcode 3.2";
			developmentRegion = English;
			hasScannedForEncodings = 0;
			knownRegions = (
				en,
				Base,
			);
			mainGroup = 189781731B1CB257008A23B4;
			productRefGroup = 1897817D1B1CB257008A23B4 /* Products */;
			projectDirPath = "";
			projectRoot = "";
			targets = (
				1897817B1B1CB257008A23B4 /* Pleasure */,
				189781941B1CB258008A23B4 /* PleasureTests */,
			);
		};
/* End PBXProject section */

/* Begin PBXResourcesBuildPhase section */
		1897817A1B1CB257008A23B4 /* Resources */ = {
			isa = PBXResourcesBuildPhase;
			buildActionMask = 2147483647;
			files = (
				1897818B1B1CB258008A23B4 /* Main.storyboard in Resources */,
				189781901B1CB258008A23B4 /* LaunchScreen.xib in Resources */,
				1897818D1B1CB258008A23B4 /* Images.xcassets in Resources */,
			);
			runOnlyForDeploymentPostprocessing = 0;
		};
		189781931B1CB258008A23B4 /* Resources */ = {
			isa = PBXResourcesBuildPhase;
			buildActionMask = 2147483647;
			files = (
			);
			runOnlyForDeploymentPostprocessing = 0;
		};
/* End PBXResourcesBuildPhase section */

/* Begin PBXSourcesBuildPhase section */
		189781781B1CB257008A23B4 /* Sources */ = {
			isa = PBXSourcesBuildPhase;
			buildActionMask = 2147483647;
			files = (
				189781A81B1CBBE9008A23B4 /* PLSIcon.m in Sources */,
				189781881B1CB257008A23B4 /* ViewController.m in Sources */,
				1815BCBF1B1D447400C4389E /* PLSIcon+Pleasure.m in Sources */,
				189781851B1CB257008A23B4 /* AppDelegate.m in Sources */,
				189781821B1CB257008A23B4 /* main.m in Sources */,
			);
			runOnlyForDeploymentPostprocessing = 0;
		};
		189781911B1CB258008A23B4 /* Sources */ = {
			isa = PBXSourcesBuildPhase;
			buildActionMask = 2147483647;
			files = (
				1897819C1B1CB258008A23B4 /* PleasureTests.m in Sources */,
			);
			runOnlyForDeploymentPostprocessing = 0;
		};
/* End PBXSourcesBuildPhase section */

/* Begin PBXTargetDependency section */
		189781971B1CB258008A23B4 /* PBXTargetDependency */ = {
			isa = PBXTargetDependency;
			target = 1897817B1B1CB257008A23B4 /* Pleasure */;
			targetProxy = 189781961B1CB258008A23B4 /* PBXContainerItemProxy */;
		};
/* End PBXTargetDependency section */

/* Begin PBXVariantGroup section */
		189781891B1CB258008A23B4 /* Main.storyboard */ = {
			isa = PBXVariantGroup;
			children = (
				1897818A1B1CB258008A23B4 /* Base */,
			);
			name = Main.storyboard;
			sourceTree = "<group>";
		};
		1897818E1B1CB258008A23B4 /* LaunchScreen.xib */ = {
			isa = PBXVariantGroup;
			children = (
				1897818F1B1CB258008A23B4 /* Base */,
			);
			name = LaunchScreen.xib;
			sourceTree = "<group>";
		};
/* End PBXVariantGroup section */

/* Begin XCBuildConfiguration section */
		1897819D1B1CB258008A23B4 /* Debug */ = {
			isa = XCBuildConfiguration;
			buildSettings = {
				ALWAYS_SEARCH_USER_PATHS = NO;
				CLANG_CXX_LANGUAGE_STANDARD = "gnu++0x";
				CLANG_CXX_LIBRARY = "libc++";
				CLANG_ENABLE_MODULES = YES;
				CLANG_ENABLE_OBJC_ARC = YES;
				CLANG_WARN_BOOL_CONVERSION = YES;
				CLANG_WARN_CONSTANT_CONVERSION = YES;
				CLANG_WARN_DIRECT_OBJC_ISA_USAGE = YES_ERROR;
				CLANG_WARN_EMPTY_BODY = YES;
				CLANG_WARN_ENUM_CONVERSION = YES;
				CLANG_WARN_INT_CONVERSION = YES;
				CLANG_WARN_OBJC_ROOT_CLASS = YES_ERROR;
				CLANG_WARN_UNREACHABLE_CODE = YES;
				CLANG_WARN__DUPLICATE_METHOD_MATCH = YES;
				"CODE_SIGN_IDENTITY[sdk=iphoneos*]" = "iPhone Developer";
				COPY_PHASE_STRIP = NO;
				DEBUG_INFORMATION_FORMAT = "dwarf-with-dsym";
				ENABLE_STRICT_OBJC_MSGSEND = YES;
				GCC_C_LANGUAGE_STANDARD = gnu99;
				GCC_DYNAMIC_NO_PIC = NO;
				GCC_NO_COMMON_BLOCKS = YES;
				GCC_OPTIMIZATION_LEVEL = 0;
				GCC_PREPROCESSOR_DEFINITIONS = (
					"DEBUG=1",
					"$(inherited)",
				);
				GCC_SYMBOLS_PRIVATE_EXTERN = NO;
				GCC_WARN_64_TO_32_BIT_CONVERSION = YES;
				GCC_WARN_ABOUT_RETURN_TYPE = YES_ERROR;
				GCC_WARN_UNDECLARED_SELECTOR = YES;
				GCC_WARN_UNINITIALIZED_AUTOS = YES_AGGRESSIVE;
				GCC_WARN_UNUSED_FUNCTION = YES;
				GCC_WARN_UNUSED_VARIABLE = YES;
				IPHONEOS_DEPLOYMENT_TARGET = 8.3;
				MTL_ENABLE_DEBUG_INFO = YES;
				ONLY_ACTIVE_ARCH = YES;
				SDKROOT = iphoneos;
			};
			name = Debug;
		};
		1897819E1B1CB258008A23B4 /* Release */ = {
			isa = XCBuildConfiguration;
			buildSettings = {
				ALWAYS_SEARCH_USER_PATHS = NO;
				CLANG_CXX_LANGUAGE_STANDARD = "gnu++0x";
				CLANG_CXX_LIBRARY = "libc++";
				CLANG_ENABLE_MODULES = YES;
				CLANG_ENABLE_OBJC_ARC = YES;
				CLANG_WARN_BOOL_CONVERSION = YES;
				CLANG_WARN_CONSTANT_CONVERSION = YES;
				CLANG_WARN_DIRECT_OBJC_ISA_USAGE = YES_ERROR;
				CLANG_WARN_EMPTY_BODY = YES;
				CLANG_WARN_ENUM_CONVERSION = YES;
				CLANG_WARN_INT_CONVERSION = YES;
				CLANG_WARN_OBJC_ROOT_CLASS = YES_ERROR;
				CLANG_WARN_UNREACHABLE_CODE = YES;
				CLANG_WARN__DUPLICATE_METHOD_MATCH = YES;
				"CODE_SIGN_IDENTITY[sdk=iphoneos*]" = "iPhone Developer";
				COPY_PHASE_STRIP = NO;
				DEBUG_INFORMATION_FORMAT = "dwarf-with-dsym";
				ENABLE_NS_ASSERTIONS = NO;
				ENABLE_STRICT_OBJC_MSGSEND = YES;
				GCC_C_LANGUAGE_STANDARD = gnu99;
				GCC_NO_COMMON_BLOCKS = YES;
				GCC_WARN_64_TO_32_BIT_CONVERSION = YES;
				GCC_WARN_ABOUT_RETURN_TYPE = YES_ERROR;
				GCC_WARN_UNDECLARED_SELECTOR = YES;
				GCC_WARN_UNINITIALIZED_AUTOS = YES_AGGRESSIVE;
				GCC_WARN_UNUSED_FUNCTION = YES;
				GCC_WARN_UNUSED_VARIABLE = YES;
				IPHONEOS_DEPLOYMENT_TARGET = 8.3;
				MTL_ENABLE_DEBUG_INFO = NO;
				SDKROOT = iphoneos;
				VALIDATE_PRODUCT = YES;
			};
			name = Release;
		};
		189781A01B1CB258008A23B4 /* Debug */ = {
			isa = XCBuildConfiguration;
			buildSettings = {
				ASSETCATALOG_COMPILER_APPICON_NAME = AppIcon;
				INFOPLIST_FILE = Pleasure/Info.plist;
				LD_RUNPATH_SEARCH_PATHS = "$(inherited) @executable_path/Frameworks";
				PRODUCT_NAME = "$(TARGET_NAME)";
			};
			name = Debug;
		};
		189781A11B1CB258008A23B4 /* Release */ = {
			isa = XCBuildConfiguration;
			buildSettings = {
				ASSETCATALOG_COMPILER_APPICON_NAME = AppIcon;
				INFOPLIST_FILE = Pleasure/Info.plist;
				LD_RUNPATH_SEARCH_PATHS = "$(inherited) @executable_path/Frameworks";
				PRODUCT_NAME = "$(TARGET_NAME)";
			};
			name = Release;
		};
		189781A31B1CB258008A23B4 /* Debug */ = {
			isa = XCBuildConfiguration;
			buildSettings = {
				BUNDLE_LOADER = "$(TEST_HOST)";
				FRAMEWORK_SEARCH_PATHS = (
					"$(SDKROOT)/Developer/Library/Frameworks",
					"$(inherited)",
				);
				GCC_PREPROCESSOR_DEFINITIONS = (
					"DEBUG=1",
					"$(inherited)",
				);
				INFOPLIST_FILE = PleasureTests/Info.plist;
				LD_RUNPATH_SEARCH_PATHS = "$(inherited) @executable_path/Frameworks @loader_path/Frameworks";
				PRODUCT_NAME = "$(TARGET_NAME)";
				TEST_HOST = "$(BUILT_PRODUCTS_DIR)/Pleasure.app/Pleasure";
			};
			name = Debug;
		};
		189781A41B1CB258008A23B4 /* Release */ = {
			isa = XCBuildConfiguration;
			buildSettings = {
				BUNDLE_LOADER = "$(TEST_HOST)";
				FRAMEWORK_SEARCH_PATHS = (
					"$(SDKROOT)/Developer/Library/Frameworks",
					"$(inherited)",
				);
				INFOPLIST_FILE = PleasureTests/Info.plist;
				LD_RUNPATH_SEARCH_PATHS = "$(inherited) @executable_path/Frameworks @loader_path/Frameworks";
				PRODUCT_NAME = "$(TARGET_NAME)";
				TEST_HOST = "$(BUILT_PRODUCTS_DIR)/Pleasure.app/Pleasure";
			};
			name = Release;
		};
/* End XCBuildConfiguration section */

/* Begin XCConfigurationList section */
		189781771B1CB257008A23B4 /* Build configuration list for PBXProject "Pleasure" */ = {
			isa = XCConfigurationList;
			buildConfigurations = (
				1897819D1B1CB258008A23B4 /* Debug */,
				1897819E1B1CB258008A23B4 /* Release */,
			);
			defaultConfigurationIsVisible = 0;
			defaultConfigurationName = Release;
		};
		1897819F1B1CB258008A23B4 /* Build configuration list for PBXNativeTarget "Pleasure" */ = {
			isa = XCConfigurationList;
			buildConfigurations = (
				189781A01B1CB258008A23B4 /* Debug */,
				189781A11B1CB258008A23B4 /* Release */,
			);
			defaultConfigurationIsVisible = 0;
			defaultConfigurationName = Release;
		};
		189781A21B1CB258008A23B4 /* Build configuration list for PBXNativeTarget "PleasureTests" */ = {
			isa = XCConfigurationList;
			buildConfigurations = (
				189781A31B1CB258008A23B4 /* Debug */,
				189781A41B1CB258008A23B4 /* Release */,
			);
			defaultConfigurationIsVisible = 0;
			defaultConfigurationName = Release;
		};
/* End XCConfigurationList section */
	};
	rootObject = 189781741B1CB257008A23B4 /* Project object */;
}
